
Microsoft Visual Studio Solution File, Format Version 12.00
# Visual Studio 2012
Project("{FAE04EC0-301F-11D3-BF4B-00C04F79EFBC}") = "Entity", "Entity\Entity.csproj", "{003B2B62-81C9-472D-871C-93D3A0E05543}"
EndProject
Project("{FAE04EC0-301F-11D3-BF4B-00C04F79EFBC}") = "Repository", "Repository\Repository.csproj", "{2A3E1256-462F-4CDF-80E2-99F3E9C909CF}"
EndProject
Project("{FAE04EC0-301F-11D3-BF4B-00C04F79EFBC}") = "Interface", "Interface\Interface.csproj", "{75B1020C-B617-4286-BD79-7AB7D823E208}"
EndProject
Project("{FAE04EC0-301F-11D3-BF4B-00C04F79EFBC}") = "App", "App\App.csproj", "{046CAA06-6CDD-47C3-812F-DA964B6BA4DD}"
EndProject
Global
	GlobalSection(SolutionConfigurationPlatforms) = preSolution
		Debug|Any CPU = Debug|Any CPU
		Release|Any CPU = Release|Any CPU
	EndGlobalSection
	GlobalSection(ProjectConfigurationPlatforms) = postSolution
		{003B2B62-81C9-472D-871C-93D3A0E05543}.Debug|Any CPU.ActiveCfg = Debug|Any CPU
		{003B2B62-81C9-472D-871C-93D3A0E05543}.Debug|Any CPU.Build.0 = Debug|Any CPU
		{003B2B62-81C9-472D-871C-93D3A0E05543}.Release|Any CPU.ActiveCfg = Release|Any CPU
		{003B2B62-81C9-472D-871C-93D3A0E05543}.Release|Any CPU.Build.0 = Release|Any CPU
		{2A3E1256-462F-4CDF-80E2-99F3E9C909CF}.Debug|Any CPU.ActiveCfg = Debug|Any CPU
		{2A3E1256-462F-4CDF-80E2-99F3E9C909CF}.Debug|Any CPU.Build.0 = Debug|Any CPU
		{2A3E1256-462F-4CDF-80E2-99F3E9C909CF}.Release|Any CPU.ActiveCfg = Release|Any CPU
		{2A3E1256-462F-4CDF-80E2-99F3E9C909CF}.Release|Any CPU.Build.0 = Release|Any CPU
		{75B1020C-B617-4286-BD79-7AB7D823E208}.Debug|Any CPU.ActiveCfg = Debug|Any CPU
		{75B1020C-B617-4286-BD79-7AB7D823E208}.Debug|Any CPU.Build.0 = Debug|Any CPU
		{75B1020C-B617-4286-BD79-7AB7D823E208}.Release|Any CPU.ActiveCfg = Release|Any CPU
		{75B1020C-B617-4286-BD79-7AB7D823E208}.Release|Any CPU.Build.0 = Release|Any CPU
		{046CAA06-6CDD-47C3-812F-DA964B6BA4DD}.Debug|Any CPU.ActiveCfg = Debug|Any CPU
		{046CAA06-6CDD-47C3-812F-DA964B6BA4DD}.Debug|Any CPU.Build.0 = Debug|Any CPU
		{046CAA06-6CDD-47C3-812F-DA964B6BA4DD}.Release|Any CPU.ActiveCfg = Release|Any CPU
		{046CAA06-6CDD-47C3-812F-DA964B6BA4DD}.Release|Any CPU.Build.0 = Release|Any CPU
	EndGlobalSection
	GlobalSection(SolutionProperties) = preSolution
		HideSolutionNode = FALSE
	EndGlobalSection
EndGlobal
